# THIS IS AN AUTOGENERATED FILE. DO NOT EDIT THIS FILE DIRECTLY.
# yarn lockfile v1


"@babel/runtime@^7.1.2":
  version "7.12.13"
  resolved "https://registry.npmjs.org/@babel/runtime/-/runtime-7.12.13.tgz"
  dependencies:
    regenerator-runtime "^0.13.4"

"@blueprintjs/core@^3.22.2", "@blueprintjs/core@^3.38.2":
  version "3.38.2"
  resolved "https://registry.npmjs.org/@blueprintjs/core/-/core-3.38.2.tgz"
  dependencies:
    "@blueprintjs/icons" "^3.24.0"
    "@types/dom4" "^2.0.1"
    classnames "^2.2"
    dom4 "^2.1.5"
    normalize.css "^8.0.1"
    popper.js "^1.16.1"
    react-lifecycles-compat "^3.0.4"
    react-popper "^1.3.7"
    react-transition-group "^2.9.0"
    resize-observer-polyfill "^1.5.1"
    tslib "~1.13.0"

"@blueprintjs/icons@^3.24.0":
  version "3.24.0"
  resolved "https://registry.npmjs.org/@blueprintjs/icons/-/icons-3.24.0.tgz"
  dependencies:
    classnames "^2.2"
    tslib "~1.13.0"

"@blueprintjs/select@^3.11.2":
  version "3.15.4"
  resolved "https://registry.npmjs.org/@blueprintjs/select/-/select-3.15.4.tgz"
  dependencies:
    "@blueprintjs/core" "^3.38.2"
    classnames "^2.2"
    tslib "~1.13.0"

"@fortawesome/fontawesome-free@^5.12.0":
  version "5.15.2"
  resolved "https://registry.yarnpkg.com/@fortawesome/fontawesome-free/-/fontawesome-free-5.15.2.tgz"

"@jupyterlab/application@^2.0.0":
  version "2.2.6"
  resolved "https://registry.npmjs.org/@jupyterlab/application/-/application-2.2.6.tgz"
  dependencies:
    "@fortawesome/fontawesome-free" "^5.12.0"
    "@jupyterlab/apputils" "^2.2.6"
    "@jupyterlab/coreutils" "^4.2.5"
    "@jupyterlab/docregistry" "^2.2.4"
    "@jupyterlab/rendermime" "^2.2.4"
    "@jupyterlab/rendermime-interfaces" "^2.2.1"
    "@jupyterlab/services" "^5.2.5"
    "@jupyterlab/statedb" "^2.2.5"
    "@jupyterlab/ui-components" "^2.2.4"
    "@lumino/algorithm" "^1.2.3"
    "@lumino/application" "^1.8.4"
    "@lumino/commands" "^1.10.1"
    "@lumino/coreutils" "^1.4.2"
    "@lumino/disposable" "^1.3.5"
    "@lumino/messaging" "^1.3.3"
    "@lumino/polling" "^1.1.1"
    "@lumino/properties" "^1.1.6"
    "@lumino/signaling" "^1.3.5"
    "@lumino/widgets" "^1.11.1"

"@jupyterlab/apputils@^2.0.0", "@jupyterlab/apputils@^2.2.6":
  version "2.2.6"
  resolved "https://registry.npmjs.org/@jupyterlab/apputils/-/apputils-2.2.6.tgz"
  dependencies:
    "@jupyterlab/coreutils" "^4.2.5"
    "@jupyterlab/services" "^5.2.5"
    "@jupyterlab/settingregistry" "^2.2.5"
    "@jupyterlab/statedb" "^2.2.5"
    "@jupyterlab/ui-components" "^2.2.4"
    "@lumino/algorithm" "^1.2.3"
    "@lumino/commands" "^1.10.1"
    "@lumino/coreutils" "^1.4.2"
    "@lumino/disposable" "^1.3.5"
    "@lumino/domutils" "^1.1.7"
    "@lumino/messaging" "^1.3.3"
    "@lumino/properties" "^1.1.6"
    "@lumino/signaling" "^1.3.5"
    "@lumino/virtualdom" "^1.6.1"
    "@lumino/widgets" "^1.11.1"
    "@types/react" "~16.9.16"
    react "~16.9.0"
    react-dom "~16.9.0"
    sanitize-html "~1.20.1"

"@jupyterlab/codeeditor@^2.2.5":
  version "2.2.5"
  resolved "https://registry.npmjs.org/@jupyterlab/codeeditor/-/codeeditor-2.2.5.tgz"
  dependencies:
    "@jupyterlab/coreutils" "^4.2.5"
    "@jupyterlab/nbformat" "^2.2.5"
    "@jupyterlab/observables" "^3.2.5"
    "@jupyterlab/ui-components" "^2.2.4"
    "@lumino/coreutils" "^1.4.2"
    "@lumino/disposable" "^1.3.5"
    "@lumino/dragdrop" "^1.5.1"
    "@lumino/messaging" "^1.3.3"
    "@lumino/signaling" "^1.3.5"
    "@lumino/widgets" "^1.11.1"

"@jupyterlab/codemirror@^2.2.4":
  version "2.2.4"
  resolved "https://registry.npmjs.org/@jupyterlab/codemirror/-/codemirror-2.2.4.tgz"
  dependencies:
    "@jupyterlab/apputils" "^2.2.6"
    "@jupyterlab/codeeditor" "^2.2.5"
    "@jupyterlab/coreutils" "^4.2.5"
    "@jupyterlab/nbformat" "^2.2.5"
    "@jupyterlab/observables" "^3.2.5"
    "@jupyterlab/statusbar" "^2.2.4"
    "@lumino/algorithm" "^1.2.3"
    "@lumino/commands" "^1.10.1"
    "@lumino/coreutils" "^1.4.2"
    "@lumino/disposable" "^1.3.5"
    "@lumino/polling" "^1.1.1"
    "@lumino/signaling" "^1.3.5"
    "@lumino/widgets" "^1.11.1"
    codemirror "~5.53.2"
    react "~16.9.0"

"@jupyterlab/coreutils@^4.2.5":
  version "4.2.5"
  resolved "https://registry.npmjs.org/@jupyterlab/coreutils/-/coreutils-4.2.5.tgz"
  dependencies:
    "@lumino/coreutils" "^1.4.2"
    "@lumino/disposable" "^1.3.5"
    "@lumino/signaling" "^1.3.5"
    minimist "~1.2.0"
    moment "^2.24.0"
    path-posix "~1.0.0"
    url-parse "~1.4.7"

"@jupyterlab/docmanager@^2.2.4":
  version "2.2.4"
  resolved "https://registry.npmjs.org/@jupyterlab/docmanager/-/docmanager-2.2.4.tgz"
  dependencies:
    "@jupyterlab/apputils" "^2.2.6"
    "@jupyterlab/coreutils" "^4.2.5"
    "@jupyterlab/docregistry" "^2.2.4"
    "@jupyterlab/services" "^5.2.5"
    "@jupyterlab/statusbar" "^2.2.4"
    "@lumino/algorithm" "^1.2.3"
    "@lumino/coreutils" "^1.4.2"
    "@lumino/disposable" "^1.3.5"
    "@lumino/messaging" "^1.3.3"
    "@lumino/properties" "^1.1.6"
    "@lumino/signaling" "^1.3.5"
    "@lumino/widgets" "^1.11.1"
    react "~16.9.0"

"@jupyterlab/docregistry@^2.2.4":
  version "2.2.4"
  resolved "https://registry.npmjs.org/@jupyterlab/docregistry/-/docregistry-2.2.4.tgz"
  dependencies:
    "@jupyterlab/apputils" "^2.2.6"
    "@jupyterlab/codeeditor" "^2.2.5"
    "@jupyterlab/codemirror" "^2.2.4"
    "@jupyterlab/coreutils" "^4.2.5"
    "@jupyterlab/observables" "^3.2.5"
    "@jupyterlab/rendermime" "^2.2.4"
    "@jupyterlab/rendermime-interfaces" "^2.2.1"
    "@jupyterlab/services" "^5.2.5"
    "@jupyterlab/ui-components" "^2.2.4"
    "@lumino/algorithm" "^1.2.3"
    "@lumino/coreutils" "^1.4.2"
    "@lumino/disposable" "^1.3.5"
    "@lumino/messaging" "^1.3.3"
    "@lumino/signaling" "^1.3.5"
    "@lumino/widgets" "^1.11.1"

"@jupyterlab/filebrowser@^2.0.0":
  version "2.2.5"
  resolved "https://registry.npmjs.org/@jupyterlab/filebrowser/-/filebrowser-2.2.5.tgz"
  dependencies:
    "@jupyterlab/apputils" "^2.2.6"
    "@jupyterlab/coreutils" "^4.2.5"
    "@jupyterlab/docmanager" "^2.2.4"
    "@jupyterlab/docregistry" "^2.2.4"
    "@jupyterlab/services" "^5.2.5"
    "@jupyterlab/statedb" "^2.2.5"
    "@jupyterlab/statusbar" "^2.2.4"
    "@jupyterlab/ui-components" "^2.2.4"
    "@lumino/algorithm" "^1.2.3"
    "@lumino/coreutils" "^1.4.2"
    "@lumino/disposable" "^1.3.5"
    "@lumino/domutils" "^1.1.7"
    "@lumino/dragdrop" "^1.5.1"
    "@lumino/messaging" "^1.3.3"
    "@lumino/polling" "^1.1.1"
    "@lumino/signaling" "^1.3.5"
    "@lumino/widgets" "^1.11.1"
    react "~16.9.0"

"@jupyterlab/mainmenu@^2.0.0":
  version "2.2.4"
  resolved "https://registry.npmjs.org/@jupyterlab/mainmenu/-/mainmenu-2.2.4.tgz"
  dependencies:
    "@jupyterlab/apputils" "^2.2.6"
    "@jupyterlab/services" "^5.2.5"
    "@jupyterlab/ui-components" "^2.2.4"
    "@lumino/algorithm" "^1.2.3"
    "@lumino/commands" "^1.10.1"
    "@lumino/coreutils" "^1.4.2"
    "@lumino/disposable" "^1.3.5"
    "@lumino/widgets" "^1.11.1"

"@jupyterlab/nbformat@^2.2.5":
  version "2.2.5"
  resolved "https://registry.npmjs.org/@jupyterlab/nbformat/-/nbformat-2.2.5.tgz"
  dependencies:
    "@lumino/coreutils" "^1.4.2"

"@jupyterlab/observables@^3.2.5":
  version "3.2.5"
  resolved "https://registry.npmjs.org/@jupyterlab/observables/-/observables-3.2.5.tgz"
  dependencies:
    "@lumino/algorithm" "^1.2.3"
    "@lumino/coreutils" "^1.4.2"
    "@lumino/disposable" "^1.3.5"
    "@lumino/messaging" "^1.3.3"
    "@lumino/signaling" "^1.3.5"

"@jupyterlab/rendermime-interfaces@^2.2.1":
  version "2.2.1"
  resolved "https://registry.npmjs.org/@jupyterlab/rendermime-interfaces/-/rendermime-interfaces-2.2.1.tgz"
  dependencies:
    "@lumino/coreutils" "^1.4.2"
    "@lumino/widgets" "^1.11.1"

"@jupyterlab/rendermime@^2.2.4":
  version "2.2.4"
  resolved "https://registry.npmjs.org/@jupyterlab/rendermime/-/rendermime-2.2.4.tgz"
  dependencies:
    "@jupyterlab/apputils" "^2.2.6"
    "@jupyterlab/codemirror" "^2.2.4"
    "@jupyterlab/coreutils" "^4.2.5"
    "@jupyterlab/nbformat" "^2.2.5"
    "@jupyterlab/observables" "^3.2.5"
    "@jupyterlab/rendermime-interfaces" "^2.2.1"
    "@jupyterlab/services" "^5.2.5"
    "@lumino/algorithm" "^1.2.3"
    "@lumino/coreutils" "^1.4.2"
    "@lumino/messaging" "^1.3.3"
    "@lumino/signaling" "^1.3.5"
    "@lumino/widgets" "^1.11.1"
    lodash.escape "^4.0.1"
    marked "^0.8.0"

"@jupyterlab/services@^5.2.5":
  version "5.2.5"
  resolved "https://registry.npmjs.org/@jupyterlab/services/-/services-5.2.5.tgz"
  dependencies:
    "@jupyterlab/coreutils" "^4.2.5"
    "@jupyterlab/nbformat" "^2.2.5"
    "@jupyterlab/observables" "^3.2.5"
    "@jupyterlab/settingregistry" "^2.2.5"
    "@jupyterlab/statedb" "^2.2.5"
    "@lumino/algorithm" "^1.2.3"
    "@lumino/coreutils" "^1.4.2"
    "@lumino/disposable" "^1.3.5"
    "@lumino/polling" "^1.1.1"
    "@lumino/signaling" "^1.3.5"
    node-fetch "^2.6.0"
    ws "^7.2.0"

"@jupyterlab/settingregistry@^2.2.5":
  version "2.2.5"
  resolved "https://registry.npmjs.org/@jupyterlab/settingregistry/-/settingregistry-2.2.5.tgz"
  dependencies:
    "@jupyterlab/statedb" "^2.2.5"
    "@lumino/commands" "^1.10.1"
    "@lumino/coreutils" "^1.4.2"
    "@lumino/disposable" "^1.3.5"
    "@lumino/signaling" "^1.3.5"
    ajv "^6.10.2"
    json5 "^2.1.1"

"@jupyterlab/statedb@^2.2.5":
  version "2.2.5"
  resolved "https://registry.npmjs.org/@jupyterlab/statedb/-/statedb-2.2.5.tgz"
  dependencies:
    "@lumino/commands" "^1.10.1"
    "@lumino/coreutils" "^1.4.2"
    "@lumino/disposable" "^1.3.5"
    "@lumino/properties" "^1.1.6"
    "@lumino/signaling" "^1.3.5"

"@jupyterlab/statusbar@^2.2.4":
  version "2.2.4"
  resolved "https://registry.npmjs.org/@jupyterlab/statusbar/-/statusbar-2.2.4.tgz"
  dependencies:
    "@jupyterlab/apputils" "^2.2.6"
    "@jupyterlab/codeeditor" "^2.2.5"
    "@jupyterlab/coreutils" "^4.2.5"
    "@jupyterlab/services" "^5.2.5"
    "@jupyterlab/ui-components" "^2.2.4"
    "@lumino/algorithm" "^1.2.3"
    "@lumino/coreutils" "^1.4.2"
    "@lumino/disposable" "^1.3.5"
    "@lumino/messaging" "^1.3.3"
    "@lumino/polling" "^1.1.1"
    "@lumino/signaling" "^1.3.5"
    "@lumino/widgets" "^1.11.1"
    csstype "~2.6.9"
    react "~16.9.0"
    typestyle "^2.0.4"

"@jupyterlab/ui-components@^2.2.4":
  version "2.2.4"
  resolved "https://registry.npmjs.org/@jupyterlab/ui-components/-/ui-components-2.2.4.tgz"
  dependencies:
    "@blueprintjs/core" "^3.22.2"
    "@blueprintjs/select" "^3.11.2"
    "@jupyterlab/coreutils" "^4.2.5"
    "@lumino/coreutils" "^1.4.2"
    "@lumino/signaling" "^1.3.5"
    "@lumino/virtualdom" "^1.6.1"
    "@lumino/widgets" "^1.11.1"
    react "~16.9.0"
    react-dom "~16.9.0"
    typestyle "^2.0.4"

"@lumino/algorithm@^1.2.3", "@lumino/algorithm@^1.3.3":
  version "1.3.3"
  resolved "https://registry.yarnpkg.com/@lumino/algorithm/-/algorithm-1.3.3.tgz"

"@lumino/application@^1.8.4":
  version "1.15.0"
  resolved "https://registry.yarnpkg.com/@lumino/application/-/application-1.15.0.tgz"
  dependencies:
    "@lumino/commands" "^1.12.0"
    "@lumino/coreutils" "^1.5.3"
    "@lumino/widgets" "^1.18.0"

"@lumino/collections@^1.3.3":
  version "1.3.3"
  resolved "https://registry.yarnpkg.com/@lumino/collections/-/collections-1.3.3.tgz"
  dependencies:
    "@lumino/algorithm" "^1.3.3"

"@lumino/commands@^1.10.1", "@lumino/commands@^1.12.0":
  version "1.12.0"
  resolved "https://registry.yarnpkg.com/@lumino/commands/-/commands-1.12.0.tgz"
  dependencies:
    "@lumino/algorithm" "^1.3.3"
    "@lumino/coreutils" "^1.5.3"
    "@lumino/disposable" "^1.4.3"
    "@lumino/domutils" "^1.2.3"
    "@lumino/keyboard" "^1.2.3"
    "@lumino/signaling" "^1.4.3"
    "@lumino/virtualdom" "^1.8.0"

"@lumino/coreutils@^1.4.2", "@lumino/coreutils@^1.5.3":
  version "1.5.3"
  resolved "https://registry.yarnpkg.com/@lumino/coreutils/-/coreutils-1.5.3.tgz"

"@lumino/disposable@^1.3.5", "@lumino/disposable@^1.4.3":
  version "1.4.3"
  resolved "https://registry.yarnpkg.com/@lumino/disposable/-/disposable-1.4.3.tgz"
  dependencies:
    "@lumino/algorithm" "^1.3.3"
    "@lumino/signaling" "^1.4.3"

"@lumino/domutils@^1.1.7", "@lumino/domutils@^1.2.3":
  version "1.2.3"
  resolved "https://registry.yarnpkg.com/@lumino/domutils/-/domutils-1.2.3.tgz"

"@lumino/dragdrop@^1.5.1", "@lumino/dragdrop@^1.7.1":
  version "1.7.1"
  resolved "https://registry.yarnpkg.com/@lumino/dragdrop/-/dragdrop-1.7.1.tgz"
  dependencies:
    "@lumino/coreutils" "^1.5.3"
    "@lumino/disposable" "^1.4.3"

"@lumino/keyboard@^1.2.3":
  version "1.2.3"
  resolved "https://registry.yarnpkg.com/@lumino/keyboard/-/keyboard-1.2.3.tgz"

"@lumino/messaging@^1.3.3", "@lumino/messaging@^1.4.3":
  version "1.4.3"
  resolved "https://registry.yarnpkg.com/@lumino/messaging/-/messaging-1.4.3.tgz"
  dependencies:
    "@lumino/algorithm" "^1.3.3"
    "@lumino/collections" "^1.3.3"

"@lumino/polling@^1.1.1":
  version "1.3.3"
  resolved "https://registry.yarnpkg.com/@lumino/polling/-/polling-1.3.3.tgz"
  dependencies:
    "@lumino/coreutils" "^1.5.3"
    "@lumino/disposable" "^1.4.3"
    "@lumino/signaling" "^1.4.3"

"@lumino/properties@^1.1.6", "@lumino/properties@^1.2.3":
  version "1.2.3"
  resolved "https://registry.yarnpkg.com/@lumino/properties/-/properties-1.2.3.tgz"

"@lumino/signaling@^1.3.5", "@lumino/signaling@^1.4.3":
  version "1.4.3"
  resolved "https://registry.yarnpkg.com/@lumino/signaling/-/signaling-1.4.3.tgz"
  dependencies:
    "@lumino/algorithm" "^1.3.3"

"@lumino/virtualdom@^1.6.1", "@lumino/virtualdom@^1.8.0":
  version "1.8.0"
  resolved "https://registry.yarnpkg.com/@lumino/virtualdom/-/virtualdom-1.8.0.tgz"
  dependencies:
    "@lumino/algorithm" "^1.3.3"

"@lumino/widgets@^1.11.1", "@lumino/widgets@^1.18.0":
  version "1.18.0"
  resolved "https://registry.yarnpkg.com/@lumino/widgets/-/widgets-1.18.0.tgz"
  dependencies:
    "@lumino/algorithm" "^1.3.3"
    "@lumino/commands" "^1.12.0"
    "@lumino/coreutils" "^1.5.3"
    "@lumino/disposable" "^1.4.3"
    "@lumino/domutils" "^1.2.3"
    "@lumino/dragdrop" "^1.7.1"
    "@lumino/keyboard" "^1.2.3"
    "@lumino/messaging" "^1.4.3"
    "@lumino/properties" "^1.2.3"
    "@lumino/signaling" "^1.4.3"
    "@lumino/virtualdom" "^1.8.0"

"@phosphor/algorithm@^1.2.0":
  version "1.2.0"
  resolved "https://registry.yarnpkg.com/@phosphor/algorithm/-/algorithm-1.2.0.tgz"

"@phosphor/collections@^1.2.0":
  version "1.2.0"
  resolved "https://registry.yarnpkg.com/@phosphor/collections/-/collections-1.2.0.tgz"
  dependencies:
    "@phosphor/algorithm" "^1.2.0"

"@phosphor/commands@^1.7.0":
  version "1.7.0"
  resolved "https://registry.yarnpkg.com/@phosphor/commands/-/commands-1.7.0.tgz"
  dependencies:
    "@phosphor/algorithm" "^1.2.0"
    "@phosphor/coreutils" "^1.3.1"
    "@phosphor/disposable" "^1.3.0"
    "@phosphor/domutils" "^1.1.3"
    "@phosphor/keyboard" "^1.1.3"
    "@phosphor/signaling" "^1.3.0"

"@phosphor/coreutils@^1.3.0", "@phosphor/coreutils@^1.3.1":
  version "1.3.1"
  resolved "https://registry.yarnpkg.com/@phosphor/coreutils/-/coreutils-1.3.1.tgz"

"@phosphor/disposable@^1.3.0":
  version "1.3.0"
  resolved "https://registry.yarnpkg.com/@phosphor/disposable/-/disposable-1.3.0.tgz"
  dependencies:
    "@phosphor/algorithm" "^1.2.0"
    "@phosphor/signaling" "^1.3.0"

"@phosphor/domutils@^1.1.3":
  version "1.1.3"
  resolved "https://registry.yarnpkg.com/@phosphor/domutils/-/domutils-1.1.3.tgz"

"@phosphor/dragdrop@^1.4.0":
  version "1.4.0"
  resolved "https://registry.yarnpkg.com/@phosphor/dragdrop/-/dragdrop-1.4.0.tgz"
  dependencies:
    "@phosphor/coreutils" "^1.3.1"
    "@phosphor/disposable" "^1.3.0"

"@phosphor/keyboard@^1.1.3":
  version "1.1.3"
  resolved "https://registry.yarnpkg.com/@phosphor/keyboard/-/keyboard-1.1.3.tgz"

"@phosphor/messaging@^1.2.2", "@phosphor/messaging@^1.3.0":
  version "1.3.0"
  resolved "https://registry.yarnpkg.com/@phosphor/messaging/-/messaging-1.3.0.tgz"
  dependencies:
    "@phosphor/algorithm" "^1.2.0"
    "@phosphor/collections" "^1.2.0"

"@phosphor/properties@^1.1.3":
  version "1.1.3"
  resolved "https://registry.yarnpkg.com/@phosphor/properties/-/properties-1.1.3.tgz"

"@phosphor/signaling@^1.3.0":
  version "1.3.0"
  resolved "https://registry.yarnpkg.com/@phosphor/signaling/-/signaling-1.3.0.tgz"
  dependencies:
    "@phosphor/algorithm" "^1.2.0"

"@phosphor/virtualdom@^1.2.0":
  version "1.2.0"
  resolved "https://registry.yarnpkg.com/@phosphor/virtualdom/-/virtualdom-1.2.0.tgz"
  dependencies:
    "@phosphor/algorithm" "^1.2.0"

"@phosphor/widgets@^1.7.0":
  version "1.9.0"
  resolved "https://registry.yarnpkg.com/@phosphor/widgets/-/widgets-1.9.0.tgz"
  dependencies:
    "@phosphor/algorithm" "^1.2.0"
    "@phosphor/commands" "^1.7.0"
    "@phosphor/coreutils" "^1.3.1"
    "@phosphor/disposable" "^1.3.0"
    "@phosphor/domutils" "^1.1.3"
    "@phosphor/dragdrop" "^1.4.0"
    "@phosphor/keyboard" "^1.1.3"
    "@phosphor/messaging" "^1.3.0"
    "@phosphor/properties" "^1.1.3"
    "@phosphor/signaling" "^1.3.0"
    "@phosphor/virtualdom" "^1.2.0"

"@types/dom4@^2.0.1":
  version "2.0.1"
  resolved "https://registry.npmjs.org/@types/dom4/-/dom4-2.0.1.tgz"

"@types/muicss@^0.9.1":
  version "0.9.1"
  resolved "https://registry.yarnpkg.com/@types/muicss/-/muicss-0.9.1.tgz"
  dependencies:
    "@types/react" "*"

"@types/node@^10.12.1":
  version "10.14.15"
  resolved "https://registry.yarnpkg.com/@types/node/-/node-10.14.15.tgz"

"@types/prop-types@*":
  version "15.7.1"
  resolved "https://registry.yarnpkg.com/@types/prop-types/-/prop-types-15.7.1.tgz"

"@types/react@*", "@types/react@~16.9.16":
  version "16.9.56"
  resolved "https://registry.npmjs.org/@types/react/-/react-16.9.56.tgz"
  dependencies:
    "@types/prop-types" "*"
    csstype "^3.0.2"

ajv@^6.10.2:
  version "6.12.6"
  resolved "https://registry.npmjs.org/ajv/-/ajv-6.12.6.tgz"
  dependencies:
    fast-deep-equal "^3.1.1"
    fast-json-stable-stringify "^2.0.0"
    json-schema-traverse "^0.4.1"
    uri-js "^4.2.2"

ansi-styles@^3.2.1:
  version "3.2.1"
  resolved "https://registry.npmjs.org/ansi-styles/-/ansi-styles-3.2.1.tgz"
  dependencies:
    color-convert "^1.9.0"

array-uniq@^1.0.2:
  version "1.0.3"
  resolved "https://registry.npmjs.org/array-uniq/-/array-uniq-1.0.3.tgz"

asap@~2.0.3:
  version "2.0.6"
  resolved "https://registry.yarnpkg.com/asap/-/asap-2.0.6.tgz"

balanced-match@^1.0.0:
  version "1.0.0"
  resolved "https://registry.yarnpkg.com/balanced-match/-/balanced-match-1.0.0.tgz"

brace-expansion@^1.1.7:
  version "1.1.11"
  resolved "https://registry.yarnpkg.com/brace-expansion/-/brace-expansion-1.1.11.tgz"
  dependencies:
    balanced-match "^1.0.0"
    concat-map "0.0.1"

call-bind@^1.0.0, call-bind@^1.0.2:
  version "1.0.2"
  resolved "https://registry.npmjs.org/call-bind/-/call-bind-1.0.2.tgz"
  dependencies:
    function-bind "^1.1.1"
    get-intrinsic "^1.0.2"

chalk@^2.4.1, chalk@^2.4.2:
  version "2.4.2"
  resolved "https://registry.npmjs.org/chalk/-/chalk-2.4.2.tgz"
  dependencies:
    ansi-styles "^3.2.1"
    escape-string-regexp "^1.0.5"
    supports-color "^5.3.0"

classnames@^2.2:
  version "2.2.6"
  resolved "https://registry.npmjs.org/classnames/-/classnames-2.2.6.tgz"

codemirror@~5.53.2:
  version "5.53.2"
  resolved "https://registry.npmjs.org/codemirror/-/codemirror-5.53.2.tgz"

color-convert@^1.9.0:
  version "1.9.3"
  resolved "https://registry.npmjs.org/color-convert/-/color-convert-1.9.3.tgz"
  dependencies:
    color-name "1.1.3"

color-name@1.1.3:
  version "1.1.3"
  resolved "https://registry.npmjs.org/color-name/-/color-name-1.1.3.tgz"

concat-map@0.0.1:
  version "0.0.1"
  resolved "https://registry.yarnpkg.com/concat-map/-/concat-map-0.0.1.tgz"

core-js@^1.0.0:
  version "1.2.7"
  resolved "https://registry.yarnpkg.com/core-js/-/core-js-1.2.7.tgz"

create-react-context@^0.3.0:
  version "0.3.0"
  resolved "https://registry.npmjs.org/create-react-context/-/create-react-context-0.3.0.tgz"
  dependencies:
    gud "^1.0.0"
    warning "^4.0.3"

csstype@2.6.9:
  version "2.6.9"
  resolved "https://registry.npmjs.org/csstype/-/csstype-2.6.9.tgz"

csstype@^3.0.2:
  version "3.0.6"
  resolved "https://registry.npmjs.org/csstype/-/csstype-3.0.6.tgz"

csstype@~2.6.9:
  version "2.6.14"
  resolved "https://registry.npmjs.org/csstype/-/csstype-2.6.14.tgz"

deep-equal@^1.1.1:
  version "1.1.1"
  resolved "https://registry.npmjs.org/deep-equal/-/deep-equal-1.1.1.tgz"
  dependencies:
    is-arguments "^1.0.4"
    is-date-object "^1.0.1"
    is-regex "^1.0.4"
    object-is "^1.0.1"
    object-keys "^1.1.1"
    regexp.prototype.flags "^1.2.0"

define-properties@^1.1.3:
  version "1.1.3"
  resolved "https://registry.npmjs.org/define-properties/-/define-properties-1.1.3.tgz"
  dependencies:
    object-keys "^1.0.12"

dom-helpers@^3.4.0:
  version "3.4.0"
  resolved "https://registry.npmjs.org/dom-helpers/-/dom-helpers-3.4.0.tgz"
  dependencies:
    "@babel/runtime" "^7.1.2"

dom-serializer@0:
  version "0.2.2"
  resolved "https://registry.npmjs.org/dom-serializer/-/dom-serializer-0.2.2.tgz"
  dependencies:
    domelementtype "^2.0.1"
    entities "^2.0.0"

dom4@^2.1.5:
  version "2.1.6"
  resolved "https://registry.npmjs.org/dom4/-/dom4-2.1.6.tgz"

domelementtype@1, domelementtype@^1.3.1:
  version "1.3.1"
  resolved "https://registry.npmjs.org/domelementtype/-/domelementtype-1.3.1.tgz"

domelementtype@^2.0.1:
  version "2.1.0"
  resolved "https://registry.npmjs.org/domelementtype/-/domelementtype-2.1.0.tgz"

domhandler@^2.3.0:
  version "2.4.2"
  resolved "https://registry.npmjs.org/domhandler/-/domhandler-2.4.2.tgz"
  dependencies:
    domelementtype "1"

domutils@^1.5.1:
  version "1.7.0"
  resolved "https://registry.npmjs.org/domutils/-/domutils-1.7.0.tgz"
  dependencies:
    dom-serializer "0"
    domelementtype "1"

encoding@^0.1.11:
  version "0.1.12"
  resolved "https://registry.yarnpkg.com/encoding/-/encoding-0.1.12.tgz"
  dependencies:
    iconv-lite "~0.4.13"

entities@^1.1.1:
  version "1.1.2"
  resolved "https://registry.npmjs.org/entities/-/entities-1.1.2.tgz"

entities@^2.0.0:
  version "2.2.0"
  resolved "https://registry.npmjs.org/entities/-/entities-2.2.0.tgz"

escape-string-regexp@^1.0.5:
  version "1.0.5"
  resolved "https://registry.npmjs.org/escape-string-regexp/-/escape-string-regexp-1.0.5.tgz"

fast-deep-equal@^3.1.1:
  version "3.1.3"
  resolved "https://registry.npmjs.org/fast-deep-equal/-/fast-deep-equal-3.1.3.tgz"

fast-json-stable-stringify@^2.0.0:
  version "2.1.0"
  resolved "https://registry.npmjs.org/fast-json-stable-stringify/-/fast-json-stable-stringify-2.1.0.tgz"

fbjs@^0.8.4:
  version "0.8.17"
  resolved "https://registry.yarnpkg.com/fbjs/-/fbjs-0.8.17.tgz"
  dependencies:
    core-js "^1.0.0"
    isomorphic-fetch "^2.1.1"
    loose-envify "^1.0.0"
    object-assign "^4.1.0"
    promise "^7.1.1"
    setimmediate "^1.0.5"
    ua-parser-js "^0.7.18"

free-style@3.1.0:
  version "3.1.0"
  resolved "https://registry.npmjs.org/free-style/-/free-style-3.1.0.tgz"

fs.realpath@^1.0.0:
  version "1.0.0"
  resolved "https://registry.yarnpkg.com/fs.realpath/-/fs.realpath-1.0.0.tgz"

function-bind@^1.1.1:
  version "1.1.1"
  resolved "https://registry.npmjs.org/function-bind/-/function-bind-1.1.1.tgz"

get-intrinsic@^1.0.2:
  version "1.1.1"
  resolved "https://registry.npmjs.org/get-intrinsic/-/get-intrinsic-1.1.1.tgz"
  dependencies:
    function-bind "^1.1.1"
    has "^1.0.3"
    has-symbols "^1.0.1"

glob@^7.1.3:
  version "7.1.4"
  resolved "https://registry.yarnpkg.com/glob/-/glob-7.1.4.tgz"
  dependencies:
    fs.realpath "^1.0.0"
    inflight "^1.0.4"
    inherits "2"
    minimatch "^3.0.4"
    once "^1.3.0"
    path-is-absolute "^1.0.0"

gud@^1.0.0:
  version "1.0.0"
  resolved "https://registry.npmjs.org/gud/-/gud-1.0.0.tgz"

has-flag@^3.0.0:
  version "3.0.0"
  resolved "https://registry.npmjs.org/has-flag/-/has-flag-3.0.0.tgz"

has-symbols@^1.0.1:
  version "1.0.1"
  resolved "https://registry.npmjs.org/has-symbols/-/has-symbols-1.0.1.tgz"

has@^1.0.3:
  version "1.0.3"
  resolved "https://registry.npmjs.org/has/-/has-1.0.3.tgz"
  dependencies:
    function-bind "^1.1.1"

htmlparser2@^3.10.0:
  version "3.10.1"
  resolved "https://registry.npmjs.org/htmlparser2/-/htmlparser2-3.10.1.tgz"
  dependencies:
    domelementtype "^1.3.1"
    domhandler "^2.3.0"
    domutils "^1.5.1"
    entities "^1.1.1"
    inherits "^2.0.1"
    readable-stream "^3.1.1"

iconv-lite@~0.4.13:
  version "0.4.24"
  resolved "https://registry.yarnpkg.com/iconv-lite/-/iconv-lite-0.4.24.tgz"
  dependencies:
    safer-buffer ">= 2.1.2 < 3"

inflight@^1.0.4:
  version "1.0.6"
  resolved "https://registry.yarnpkg.com/inflight/-/inflight-1.0.6.tgz"
  dependencies:
    once "^1.3.0"
    wrappy "1"

inherits@2, inherits@^2.0.1, inherits@^2.0.3:
  version "2.0.4"
  resolved "https://registry.yarnpkg.com/inherits/-/inherits-2.0.4.tgz"

is-arguments@^1.0.4:
  version "1.1.0"
  resolved "https://registry.npmjs.org/is-arguments/-/is-arguments-1.1.0.tgz"
  dependencies:
    call-bind "^1.0.0"

is-date-object@^1.0.1:
  version "1.0.2"
  resolved "https://registry.npmjs.org/is-date-object/-/is-date-object-1.0.2.tgz"

is-regex@^1.0.4:
  version "1.1.2"
  resolved "https://registry.npmjs.org/is-regex/-/is-regex-1.1.2.tgz"
  dependencies:
    call-bind "^1.0.2"
    has-symbols "^1.0.1"

is-stream@^1.0.1:
  version "1.1.0"
  resolved "https://registry.yarnpkg.com/is-stream/-/is-stream-1.1.0.tgz"

isomorphic-fetch@^2.1.1:
  version "2.2.1"
  resolved "https://registry.yarnpkg.com/isomorphic-fetch/-/isomorphic-fetch-2.2.1.tgz"
  dependencies:
    node-fetch "^1.0.1"
    whatwg-fetch ">=0.10.0"

"js-tokens@^3.0.0 || ^4.0.0":
  version "4.0.0"
  resolved "https://registry.yarnpkg.com/js-tokens/-/js-tokens-4.0.0.tgz"

json-schema-traverse@^0.4.1:
  version "0.4.1"
  resolved "https://registry.npmjs.org/json-schema-traverse/-/json-schema-traverse-0.4.1.tgz"

json5@^2.1.1:
  version "2.2.0"
  resolved "https://registry.npmjs.org/json5/-/json5-2.2.0.tgz"
  dependencies:
    minimist "^1.2.5"

lodash.clonedeep@^4.5.0:
  version "4.5.0"
  resolved "https://registry.npmjs.org/lodash.clonedeep/-/lodash.clonedeep-4.5.0.tgz"

lodash.escape@^4.0.1:
  version "4.0.1"
  resolved "https://registry.npmjs.org/lodash.escape/-/lodash.escape-4.0.1.tgz"

lodash.escaperegexp@^4.1.2:
  version "4.1.2"
  resolved "https://registry.npmjs.org/lodash.escaperegexp/-/lodash.escaperegexp-4.1.2.tgz"

lodash.isplainobject@^4.0.6:
  version "4.0.6"
  resolved "https://registry.npmjs.org/lodash.isplainobject/-/lodash.isplainobject-4.0.6.tgz"

lodash.isstring@^4.0.1:
  version "4.0.1"
  resolved "https://registry.npmjs.org/lodash.isstring/-/lodash.isstring-4.0.1.tgz"

lodash.mergewith@^4.6.1:
  version "4.6.2"
  resolved "https://registry.npmjs.org/lodash.mergewith/-/lodash.mergewith-4.6.2.tgz"

loose-envify@^1.0.0, loose-envify@^1.1.0, loose-envify@^1.4.0:
  version "1.4.0"
  resolved "https://registry.yarnpkg.com/loose-envify/-/loose-envify-1.4.0.tgz"
  dependencies:
    js-tokens "^3.0.0 || ^4.0.0"

marked@^0.8.0:
  version "0.8.2"
  resolved "https://registry.npmjs.org/marked/-/marked-0.8.2.tgz"

minimatch@^3.0.4:
  version "3.0.4"
  resolved "https://registry.yarnpkg.com/minimatch/-/minimatch-3.0.4.tgz"
  dependencies:
    brace-expansion "^1.1.7"

minimist@^1.2.5, minimist@~1.2.0:
  version "1.2.5"
  resolved "https://registry.npmjs.org/minimist/-/minimist-1.2.5.tgz"

moment@^2.24.0:
  version "2.29.4"
  resolved "https://registry.yarnpkg.com/moment/-/moment-2.29.4.tgz#3dbe052889fe7c1b2ed966fcb3a77328964ef108"

muicss@^0.10.2:
  version "0.10.2"
  resolved "https://registry.npmjs.org/muicss/-/muicss-0.10.2.tgz"
  dependencies:
    react-addons-shallow-compare "^15.6.2"

node-fetch@^1.0.1:
  version "1.7.3"
  resolved "https://registry.yarnpkg.com/node-fetch/-/node-fetch-1.7.3.tgz"
  dependencies:
    encoding "^0.1.11"
    is-stream "^1.0.1"

node-fetch@^2.6.0:
  version "2.6.1"
  resolved "https://registry.npmjs.org/node-fetch/-/node-fetch-2.6.1.tgz"

normalize.css@^8.0.1:
  version "8.0.1"
  resolved "https://registry.npmjs.org/normalize.css/-/normalize.css-8.0.1.tgz"

number-is-nan@^1.0.0:
  version "1.0.1"
  resolved "https://registry.npmjs.org/number-is-nan/-/number-is-nan-1.0.1.tgz"

object-assign@^4.1.0, object-assign@^4.1.1:
  version "4.1.1"
  resolved "https://registry.yarnpkg.com/object-assign/-/object-assign-4.1.1.tgz"

object-is@^1.0.1:
  version "1.1.4"
  resolved "https://registry.npmjs.org/object-is/-/object-is-1.1.4.tgz"
  dependencies:
    call-bind "^1.0.0"
    define-properties "^1.1.3"

object-keys@^1.0.12, object-keys@^1.1.1:
  version "1.1.1"
  resolved "https://registry.npmjs.org/object-keys/-/object-keys-1.1.1.tgz"

once@^1.3.0:
  version "1.4.0"
  resolved "https://registry.yarnpkg.com/once/-/once-1.4.0.tgz"
  dependencies:
    wrappy "1"

path-is-absolute@^1.0.0:
  version "1.0.1"
  resolved "https://registry.yarnpkg.com/path-is-absolute/-/path-is-absolute-1.0.1.tgz"

path-posix@~1.0.0:
  version "1.0.0"
  resolved "https://registry.npmjs.org/path-posix/-/path-posix-1.0.0.tgz"

popper.js@^1.14.4, popper.js@^1.16.1:
  version "1.16.1"
  resolved "https://registry.npmjs.org/popper.js/-/popper.js-1.16.1.tgz"

postcss@^7.0.5:
  version "7.0.35"
  resolved "https://registry.npmjs.org/postcss/-/postcss-7.0.35.tgz"
  dependencies:
    chalk "^2.4.2"
    source-map "^0.6.1"
    supports-color "^6.1.0"

promise@^7.1.1:
  version "7.3.1"
  resolved "https://registry.yarnpkg.com/promise/-/promise-7.3.1.tgz"
  dependencies:
    asap "~2.0.3"

prop-types@^15.6.1, prop-types@^15.6.2:
  version "15.7.2"
  resolved "https://registry.npmjs.org/prop-types/-/prop-types-15.7.2.tgz"
  dependencies:
    loose-envify "^1.4.0"
    object-assign "^4.1.1"
    react-is "^16.8.1"

punycode@^2.1.0:
  version "2.1.1"
  resolved "https://registry.npmjs.org/punycode/-/punycode-2.1.1.tgz"

querystringify@^2.1.1:
  version "2.2.0"
  resolved "https://registry.npmjs.org/querystringify/-/querystringify-2.2.0.tgz"

react-addons-shallow-compare@^15.6.2:
  version "15.6.2"
  resolved "https://registry.yarnpkg.com/react-addons-shallow-compare/-/react-addons-shallow-compare-15.6.2.tgz"
  dependencies:
    fbjs "^0.8.4"
    object-assign "^4.1.0"

react-dom@~16.9.0:
  version "16.9.0"
  resolved "https://registry.npmjs.org/react-dom/-/react-dom-16.9.0.tgz"
  dependencies:
    loose-envify "^1.1.0"
    object-assign "^4.1.1"
    prop-types "^15.6.2"
    scheduler "^0.15.0"

react-is@^16.8.1:
  version "16.13.1"
  resolved "https://registry.npmjs.org/react-is/-/react-is-16.13.1.tgz"

react-lifecycles-compat@^3.0.4:
  version "3.0.4"
  resolved "https://registry.npmjs.org/react-lifecycles-compat/-/react-lifecycles-compat-3.0.4.tgz"

react-popper@^1.3.7:
  version "1.3.7"
  resolved "https://registry.npmjs.org/react-popper/-/react-popper-1.3.7.tgz"
  dependencies:
    "@babel/runtime" "^7.1.2"
    create-react-context "^0.3.0"
    deep-equal "^1.1.1"
    popper.js "^1.14.4"
    prop-types "^15.6.1"
    typed-styles "^0.0.7"
    warning "^4.0.2"

react-transition-group@^2.9.0:
  version "2.9.0"
  resolved "https://registry.npmjs.org/react-transition-group/-/react-transition-group-2.9.0.tgz"
  dependencies:
    dom-helpers "^3.4.0"
    loose-envify "^1.4.0"
    prop-types "^15.6.2"
    react-lifecycles-compat "^3.0.4"

react@^16.9.0:
  version "16.14.0"
  resolved "https://registry.npmjs.org/react/-/react-16.14.0.tgz"
  dependencies:
    loose-envify "^1.1.0"
    object-assign "^4.1.1"
    prop-types "^15.6.2"

react@~16.9.0:
  version "16.9.0"
  resolved "https://registry.npmjs.org/react/-/react-16.9.0.tgz"
  dependencies:
    loose-envify "^1.1.0"
    object-assign "^4.1.1"
    prop-types "^15.6.2"

readable-stream@^3.1.1:
  version "3.6.0"
  resolved "https://registry.npmjs.org/readable-stream/-/readable-stream-3.6.0.tgz"
  dependencies:
    inherits "^2.0.3"
    string_decoder "^1.1.1"
    util-deprecate "^1.0.1"

regenerator-runtime@^0.13.4:
  version "0.13.7"
  resolved "https://registry.npmjs.org/regenerator-runtime/-/regenerator-runtime-0.13.7.tgz"

regexp.prototype.flags@^1.2.0:
  version "1.3.1"
  resolved "https://registry.npmjs.org/regexp.prototype.flags/-/regexp.prototype.flags-1.3.1.tgz"
  dependencies:
    call-bind "^1.0.2"
    define-properties "^1.1.3"

requires-port@^1.0.0:
  version "1.0.0"
  resolved "https://registry.npmjs.org/requires-port/-/requires-port-1.0.0.tgz"

resize-observer-polyfill@^1.5.1:
  version "1.5.1"
  resolved "https://registry.npmjs.org/resize-observer-polyfill/-/resize-observer-polyfill-1.5.1.tgz"

rimraf@^2.6.1:
  version "2.7.1"
  resolved "https://registry.yarnpkg.com/rimraf/-/rimraf-2.7.1.tgz"
  dependencies:
    glob "^7.1.3"

safe-buffer@~5.2.0:
  version "5.2.1"
  resolved "https://registry.npmjs.org/safe-buffer/-/safe-buffer-5.2.1.tgz"

"safer-buffer@>= 2.1.2 < 3":
  version "2.1.2"
  resolved "https://registry.yarnpkg.com/safer-buffer/-/safer-buffer-2.1.2.tgz"

sanitize-html@~1.20.1:
  version "1.20.1"
  resolved "https://registry.npmjs.org/sanitize-html/-/sanitize-html-1.20.1.tgz"
  dependencies:
    chalk "^2.4.1"
    htmlparser2 "^3.10.0"
    lodash.clonedeep "^4.5.0"
    lodash.escaperegexp "^4.1.2"
    lodash.isplainobject "^4.0.6"
    lodash.isstring "^4.0.1"
    lodash.mergewith "^4.6.1"
    postcss "^7.0.5"
    srcset "^1.0.0"
    xtend "^4.0.1"

scheduler@^0.15.0:
  version "0.15.0"
  resolved "https://registry.npmjs.org/scheduler/-/scheduler-0.15.0.tgz"
  dependencies:
    loose-envify "^1.1.0"
    object-assign "^4.1.1"

setimmediate@^1.0.5:
  version "1.0.5"
  resolved "https://registry.yarnpkg.com/setimmediate/-/setimmediate-1.0.5.tgz"

source-map@^0.6.1:
  version "0.6.1"
  resolved "https://registry.npmjs.org/source-map/-/source-map-0.6.1.tgz"

srcset@^1.0.0:
  version "1.0.0"
  resolved "https://registry.npmjs.org/srcset/-/srcset-1.0.0.tgz"
  dependencies:
    array-uniq "^1.0.2"
    number-is-nan "^1.0.0"

string_decoder@^1.1.1:
  version "1.3.0"
  resolved "https://registry.npmjs.org/string_decoder/-/string_decoder-1.3.0.tgz"
  dependencies:
    safe-buffer "~5.2.0"

supports-color@^5.3.0:
  version "5.5.0"
  resolved "https://registry.npmjs.org/supports-color/-/supports-color-5.5.0.tgz"
  dependencies:
    has-flag "^3.0.0"

supports-color@^6.1.0:
  version "6.1.0"
  resolved "https://registry.npmjs.org/supports-color/-/supports-color-6.1.0.tgz"
  dependencies:
    has-flag "^3.0.0"

tslib@~1.13.0:
  version "1.13.0"
  resolved "https://registry.npmjs.org/tslib/-/tslib-1.13.0.tgz"

typed-styles@^0.0.7:
  version "0.0.7"
  resolved "https://registry.npmjs.org/typed-styles/-/typed-styles-0.0.7.tgz"

typescript@3.5.3:
  version "3.5.3"
  resolved "https://registry.yarnpkg.com/typescript/-/typescript-3.5.3.tgz"

typestyle@^2.0.4:
  version "2.1.0"
  resolved "https://registry.npmjs.org/typestyle/-/typestyle-2.1.0.tgz"
  dependencies:
    csstype "2.6.9"
    free-style "3.1.0"

ua-parser-js@^0.7.18:
  version "0.7.20"
  resolved "https://registry.yarnpkg.com/ua-parser-js/-/ua-parser-js-0.7.20.tgz"

uri-js@^4.2.2:
  version "4.4.1"
  resolved "https://registry.npmjs.org/uri-js/-/uri-js-4.4.1.tgz"
  dependencies:
    punycode "^2.1.0"

url-parse@~1.4.7:
  version "1.4.7"
  resolved "https://registry.npmjs.org/url-parse/-/url-parse-1.4.7.tgz"
  dependencies:
    querystringify "^2.1.1"
    requires-port "^1.0.0"

util-deprecate@^1.0.1:
  version "1.0.2"
  resolved "https://registry.npmjs.org/util-deprecate/-/util-deprecate-1.0.2.tgz"

warning@^4.0.2, warning@^4.0.3:
  version "4.0.3"
  resolved "https://registry.npmjs.org/warning/-/warning-4.0.3.tgz"
  dependencies:
    loose-envify "^1.0.0"

whatwg-fetch@>=0.10.0:
  version "3.0.0"
  resolved "https://registry.yarnpkg.com/whatwg-fetch/-/whatwg-fetch-3.0.0.tgz"

wrappy@1:
  version "1.0.2"
  resolved "https://registry.yarnpkg.com/wrappy/-/wrappy-1.0.2.tgz"

ws@^7.2.0:
  version "7.4.3"
  resolved "https://registry.npmjs.org/ws/-/ws-7.4.3.tgz"

xtend@^4.0.1:
  version "4.0.2"
  resolved "https://registry.npmjs.org/xtend/-/xtend-4.0.2.tgz"
